
Microsoft Visual Studio Solution File, Format Version 12.00
# Visual Studio Version 18
VisualStudioVersion = 18.4.11626.88 stable
MinimumVisualStudioVersion = 10.0.40219.1
Project("{FAE04EC0-301F-11D3-BF4B-00C04F79EFBC}") = "Snake0114", "Snake0114.csproj", "{AEF0A3F1-DACB-DC76-60BF-3060A93A0A77}"
EndProject
Global
	GlobalSection(SolutionConfigurationPlatforms) = preSolution
		Debug|Any CPU = Debug|Any CPU
		Release|Any CPU = Release|Any CPU
	EndGlobalSection
	GlobalSection(ProjectConfigurationPlatforms) = postSolution
		{AEF0A3F1-DACB-DC76-60BF-3060A93A0A77}.Debug|Any CPU.ActiveCfg = Debug|Any CPU
		{AEF0A3F1-DACB-DC76-60BF-3060A93A0A77}.Debug|Any CPU.Build.0 = Debug|Any CPU
		{AEF0A3F1-DACB-DC76-60BF-3060A93A0A77}.Release|Any CPU.ActiveCfg = Release|Any CPU
		{AEF0A3F1-DACB-DC76-60BF-3060A93A0A77}.Release|Any CPU.Build.0 = Release|Any CPU
	EndGlobalSection
	GlobalSection(SolutionProperties) = preSolution
		HideSolutionNode = FALSE
	EndGlobalSection
	GlobalSection(ExtensibilityGlobals) = postSolution
		SolutionGuid = {E171E385-9D07-43E1-A6F7-577DF0E5C229}
	EndGlobalSection
EndGlobal
